// !$*UTF8*$!
{
	archiveVersion = 1;
	classes = {
	};
	objectVersion = 46;
	objects = {

/* Begin PBXBuildFile section */
		5448FE761E9376EA00B22D9E /* extensions.swift in Sources */ = {isa = PBXBuildFile; fileRef = 5448FE751E9376EA00B22D9E /* extensions.swift */; };
		54521F4B1E94EF5500656511 /* startVC.swift in Sources */ = {isa = PBXBuildFile; fileRef = 54521F4A1E94EF5500656511 /* startVC.swift */; };
		54DFE7C81E8D59FA00C5AE28 /* AppDelegate.swift in Sources */ = {isa = PBXBuildFile; fileRef = 54DFE7C71E8D59FA00C5AE28 /* AppDelegate.swift */; };
		54DFE7CA1E8D59FA00C5AE28 /* Assets.swift in Sources */ = {isa = PBXBuildFile; fileRef = 54DFE7C91E8D59FA00C5AE28 /* Assets.swift */; };
		54DFE7CD1E8D59FA00C5AE28 /* Main.storyboard in Resources */ = {isa = PBXBuildFile; fileRef = 54DFE7CB1E8D59FA00C5AE28 /* Main.storyboard */; };
		54DFE7CF1E8D59FA00C5AE28 /* Assets.xcassets in Resources */ = {isa = PBXBuildFile; fileRef = 54DFE7CE1E8D59FA00C5AE28 /* Assets.xcassets */; };
		54DFE7D21E8D59FA00C5AE28 /* LaunchScreen.storyboard in Resources */ = {isa = PBXBuildFile; fileRef = 54DFE7D01E8D59FA00C5AE28 /* LaunchScreen.storyboard */; };
		54DFE7DD1E8D59FA00C5AE28 /* ku_blerTests.swift in Sources */ = {isa = PBXBuildFile; fileRef = 54DFE7DC1E8D59FA00C5AE28 /* ku_blerTests.swift */; };
		54DFE7E81E8D59FA00C5AE28 /* ku_blerUITests.swift in Sources */ = {isa = PBXBuildFile; fileRef = 54DFE7E71E8D59FA00C5AE28 /* ku_blerUITests.swift */; };
/* End PBXBuildFile section */

/* Begin PBXContainerItemProxy section */
		54DFE7D91E8D59FA00C5AE28 /* PBXContainerItemProxy */ = {
			isa = PBXContainerItemProxy;
			containerPortal = 54DFE7BC1E8D59FA00C5AE28 /* Project object */;
			proxyType = 1;
			remoteGlobalIDString = 54DFE7C31E8D59FA00C5AE28;
			remoteInfo = "kübler";
		};
		54DFE7E41E8D59FA00C5AE28 /* PBXContainerItemProxy */ = {
			isa = PBXContainerItemProxy;
			containerPortal = 54DFE7BC1E8D59FA00C5AE28 /* Project object */;
			proxyType = 1;
			remoteGlobalIDString = 54DFE7C31E8D59FA00C5AE28;
			remoteInfo = "kübler";
		};
/* End PBXContainerItemProxy section */

/* Begin PBXFileReference section */
		5448FE751E9376EA00B22D9E /* extensions.swift */ = {isa = PBXFileReference; fileEncoding = 4; lastKnownFileType = sourcecode.swift; path = extensions.swift; sourceTree = "<group>"; };
		54521F4A1E94EF5500656511 /* startVC.swift */ = {isa = PBXFileReference; fileEncoding = 4; lastKnownFileType = sourcecode.swift; path = startVC.swift; sourceTree = "<group>"; };
		54DFE7C41E8D59FA00C5AE28 /* kübler.app */ = {isa = PBXFileReference; explicitFileType = wrapper.application; includeInIndex = 0; path = "kübler.app"; sourceTree = BUILT_PRODUCTS_DIR; };
		54DFE7C71E8D59FA00C5AE28 /* AppDelegate.swift */ = {isa = PBXFileReference; lastKnownFileType = sourcecode.swift; path = AppDelegate.swift; sourceTree = "<group>"; };
		54DFE7C91E8D59FA00C5AE28 /* Assets.swift */ = {isa = PBXFileReference; lastKnownFileType = sourcecode.swift; path = Assets.swift; sourceTree = "<group>"; };
		54DFE7CC1E8D59FA00C5AE28 /* Base */ = {isa = PBXFileReference; lastKnownFileType = file.storyboard; name = Base; path = Base.lproj/Main.storyboard; sourceTree = "<group>"; };
		54DFE7CE1E8D59FA00C5AE28 /* Assets.xcassets */ = {isa = PBXFileReference; lastKnownFileType = folder.assetcatalog; path = Assets.xcassets; sourceTree = "<group>"; };
		54DFE7D11E8D59FA00C5AE28 /* Base */ = {isa = PBXFileReference; lastKnownFileType = file.storyboard; name = Base; path = Base.lproj/LaunchScreen.storyboard; sourceTree = "<group>"; };
		54DFE7D31E8D59FA00C5AE28 /* Info.plist */ = {isa = PBXFileReference; lastKnownFileType = text.plist.xml; path = Info.plist; sourceTree = "<group>"; };
		54DFE7D81E8D59FA00C5AE28 /* küblerTests.xctest */ = {isa = PBXFileReference; explicitFileType = wrapper.cfbundle; includeInIndex = 0; path = "küblerTests.xctest"; sourceTree = BUILT_PRODUCTS_DIR; };
		54DFE7DC1E8D59FA00C5AE28 /* ku_blerTests.swift */ = {isa = PBXFileReference; lastKnownFileType = sourcecode.swift; path = ku_blerTests.swift; sourceTree = "<group>"; };
		54DFE7DE1E8D59FA00C5AE28 /* Info.plist */ = {isa = PBXFileReference; lastKnownFileType = text.plist.xml; path = Info.plist; sourceTree = "<group>"; };
		54DFE7E31E8D59FA00C5AE28 /* küblerUITests.xctest */ = {isa = PBXFileReference; explicitFileType = wrapper.cfbundle; includeInIndex = 0; path = "küblerUITests.xctest"; sourceTree = BUILT_PRODUCTS_DIR; };
		54DFE7E71E8D59FA00C5AE28 /* ku_blerUITests.swift */ = {isa = PBXFileReference; lastKnownFileType = sourcecode.swift; path = ku_blerUITests.swift; sourceTree = "<group>"; };
		54DFE7E91E8D59FA00C5AE28 /* Info.plist */ = {isa = PBXFileReference; lastKnownFileType = text.plist.xml; path = Info.plist; sourceTree = "<group>"; };
		54EDDF751E9503E400169741 /* AbrilFatface-Regular.ttf */ = {isa = PBXFileReference; lastKnownFileType = file; path = "AbrilFatface-Regular.ttf"; sourceTree = "<group>"; };
/* End PBXFileReference section */

/* Begin PBXFrameworksBuildPhase section */
		54DFE7C11E8D59FA00C5AE28 /* Frameworks */ = {
			isa = PBXFrameworksBuildPhase;
			buildActionMask = 2147483647;
			files = (
			);
			runOnlyForDeploymentPostprocessing = 0;
		};
		54DFE7D51E8D59FA00C5AE28 /* Frameworks */ = {
			isa = PBXFrameworksBuildPhase;
			buildActionMask = 2147483647;
			files = (
			);
			runOnlyForDeploymentPostprocessing = 0;
		};
		54DFE7E01E8D59FA00C5AE28 /* Frameworks */ = {
			isa = PBXFrameworksBuildPhase;
			buildActionMask = 2147483647;
			files = (
			);
			runOnlyForDeploymentPostprocessing = 0;
		};
/* End PBXFrameworksBuildPhase section */

/* Begin PBXGroup section */
		54DFE7BB1E8D59FA00C5AE28 = {
			isa = PBXGroup;
			children = (
				54DFE7C61E8D59FA00C5AE28 /* kübler */,
				54DFE7DB1E8D59FA00C5AE28 /* küblerTests */,
				54DFE7E61E8D59FA00C5AE28 /* küblerUITests */,
				54DFE7C51E8D59FA00C5AE28 /* Products */,
			);
			sourceTree = "<group>";
		};
		54DFE7C51E8D59FA00C5AE28 /* Products */ = {
			isa = PBXGroup;
			children = (
				54DFE7C41E8D59FA00C5AE28 /* kübler.app */,
				54DFE7D81E8D59FA00C5AE28 /* küblerTests.xctest */,
				54DFE7E31E8D59FA00C5AE28 /* küblerUITests.xctest */,
			);
			name = Products;
			sourceTree = "<group>";
		};
		54DFE7C61E8D59FA00C5AE28 /* kübler */ = {
			isa = PBXGroup;
			children = (
				54EDDF751E9503E400169741 /* AbrilFatface-Regular.ttf */,
				54DFE7C71E8D59FA00C5AE28 /* AppDelegate.swift */,
				54DFE7C91E8D59FA00C5AE28 /* Assets.swift */,
				54DFE7CB1E8D59FA00C5AE28 /* Main.storyboard */,
				54DFE7CE1E8D59FA00C5AE28 /* Assets.xcassets */,
				54DFE7D01E8D59FA00C5AE28 /* LaunchScreen.storyboard */,
				54DFE7D31E8D59FA00C5AE28 /* Info.plist */,
				5448FE751E9376EA00B22D9E /* extensions.swift */,
				54521F4A1E94EF5500656511 /* startVC.swift */,
			);
			path = "kübler";
			sourceTree = "<group>";
		};
		54DFE7DB1E8D59FA00C5AE28 /* küblerTests */ = {
			isa = PBXGroup;
			children = (
				54DFE7DC1E8D59FA00C5AE28 /* ku_blerTests.swift */,
				54DFE7DE1E8D59FA00C5AE28 /* Info.plist */,
			);
			path = "küblerTests";
			sourceTree = "<group>";
		};
		54DFE7E61E8D59FA00C5AE28 /* küblerUITests */ = {
			isa = PBXGroup;
			children = (
				54DFE7E71E8D59FA00C5AE28 /* ku_blerUITests.swift */,
				54DFE7E91E8D59FA00C5AE28 /* Info.plist */,
			);
			path = "küblerUITests";
			sourceTree = "<group>";
		};
/* End PBXGroup section */

/* Begin PBXNativeTarget section */
		54DFE7C31E8D59FA00C5AE28 /* kübler */ = {
			isa = PBXNativeTarget;
			buildConfigurationList = 54DFE7EC1E8D59FA00C5AE28 /* Build configuration list for PBXNativeTarget "kübler" */;
			buildPhases = (
				54DFE7C01E8D59FA00C5AE28 /* Sources */,
				54DFE7C11E8D59FA00C5AE28 /* Frameworks */,
				54DFE7C21E8D59FA00C5AE28 /* Resources */,
			);
			buildRules = (
			);
			dependencies = (
			);
			name = "kübler";
			productName = "kübler";
			productReference = 54DFE7C41E8D59FA00C5AE28 /* kübler.app */;
			productType = "com.apple.product-type.application";
		};
		54DFE7D71E8D59FA00C5AE28 /* küblerTests */ = {
			isa = PBXNativeTarget;
			buildConfigurationList = 54DFE7EF1E8D59FA00C5AE28 /* Build configuration list for PBXNativeTarget "küblerTests" */;
			buildPhases = (
				54DFE7D41E8D59FA00C5AE28 /* Sources */,
				54DFE7D51E8D59FA00C5AE28 /* Frameworks */,
				54DFE7D61E8D59FA00C5AE28 /* Resources */,
			);
			buildRules = (
			);
			dependencies = (
				54DFE7DA1E8D59FA00C5AE28 /* PBXTargetDependency */,
			);
			name = "küblerTests";
			productName = "küblerTests";
			productReference = 54DFE7D81E8D59FA00C5AE28 /* küblerTests.xctest */;
			productType = "com.apple.product-type.bundle.unit-test";
		};
		54DFE7E21E8D59FA00C5AE28 /* küblerUITests */ = {
			isa = PBXNativeTarget;
			buildConfigurationList = 54DFE7F21E8D59FA00C5AE28 /* Build configuration list for PBXNativeTarget "küblerUITests" */;
			buildPhases = (
				54DFE7DF1E8D59FA00C5AE28 /* Sources */,
				54DFE7E01E8D59FA00C5AE28 /* Frameworks */,
				54DFE7E11E8D59FA00C5AE28 /* Resources */,
			);
			buildRules = (
			);
			dependencies = (
				54DFE7E51E8D59FA00C5AE28 /* PBXTargetDependency */,
			);
			name = "küblerUITests";
			productName = "küblerUITests";
			productReference = 54DFE7E31E8D59FA00C5AE28 /* küblerUITests.xctest */;
			productType = "com.apple.product-type.bundle.ui-testing";
		};
/* End PBXNativeTarget section */

/* Begin PBXProject section */
		54DFE7BC1E8D59FA00C5AE28 /* Project object */ = {
			isa = PBXProject;
			attributes = {
				LastSwiftUpdateCheck = 0830;
				LastUpgradeCheck = 0830;
				ORGANIZATIONNAME = "kæle";
				TargetAttributes = {
					54DFE7C31E8D59FA00C5AE28 = {
						CreatedOnToolsVersion = 8.3;
						DevelopmentTeam = V434W54Y9J;
						ProvisioningStyle = Automatic;
					};
					54DFE7D71E8D59FA00C5AE28 = {
						CreatedOnToolsVersion = 8.3;
						DevelopmentTeam = V434W54Y9J;
						ProvisioningStyle = Automatic;
						TestTargetID = 54DFE7C31E8D59FA00C5AE28;
					};
					54DFE7E21E8D59FA00C5AE28 = {
						CreatedOnToolsVersion = 8.3;
						DevelopmentTeam = V434W54Y9J;
						ProvisioningStyle = Automatic;
						TestTargetID = 54DFE7C31E8D59FA00C5AE28;
					};
				};
			};
			buildConfigurationList = 54DFE7BF1E8D59FA00C5AE28 /* Build configuration list for PBXProject "kübler" */;
			compatibilityVersion = "Xcode 3.2";
			developmentRegion = English;
			hasScannedForEncodings = 0;
			knownRegions = (
				en,
				Base,
			);
			mainGroup = 54DFE7BB1E8D59FA00C5AE28;
			productRefGroup = 54DFE7C51E8D59FA00C5AE28 /* Products */;
			projectDirPath = "";
			projectRoot = "";
			targets = (
				54DFE7C31E8D59FA00C5AE28 /* kübler */,
				54DFE7D71E8D59FA00C5AE28 /* küblerTests */,
				54DFE7E21E8D59FA00C5AE28 /* küblerUITests */,
			);
		};
/* End PBXProject section */

/* Begin PBXResourcesBuildPhase section */
		54DFE7C21E8D59FA00C5AE28 /* Resources */ = {
			isa = PBXResourcesBuildPhase;
			buildActionMask = 2147483647;
			files = (
				54DFE7D21E8D59FA00C5AE28 /* LaunchScreen.storyboard in Resources */,
				54DFE7CF1E8D59FA00C5AE28 /* Assets.xcassets in Resources */,
				54DFE7CD1E8D59FA00C5AE28 /* Main.storyboard in Resources */,
			);
			runOnlyForDeploymentPostprocessing = 0;
		};
		54DFE7D61E8D59FA00C5AE28 /* Resources */ = {
			isa = PBXResourcesBuildPhase;
			buildActionMask = 2147483647;
			files = (
			);
			runOnlyForDeploymentPostprocessing = 0;
		};
		54DFE7E11E8D59FA00C5AE28 /* Resources */ = {
			isa = PBXResourcesBuildPhase;
			buildActionMask = 2147483647;
			files = (
			);
			runOnlyForDeploymentPostprocessing = 0;
		};
/* End PBXResourcesBuildPhase section */

/* Begin PBXSourcesBuildPhase section */
		54DFE7C01E8D59FA00C5AE28 /* Sources */ = {
			isa = PBXSourcesBuildPhase;
			buildActionMask = 2147483647;
			files = (
				54DFE7CA1E8D59FA00C5AE28 /* Assets.swift in Sources */,
				54DFE7C81E8D59FA00C5AE28 /* AppDelegate.swift in Sources */,
				5448FE761E9376EA00B22D9E /* extensions.swift in Sources */,
				54521F4B1E94EF5500656511 /* startVC.swift in Sources */,
			);
			runOnlyForDeploymentPostprocessing = 0;
		};
		54DFE7D41E8D59FA00C5AE28 /* Sources */ = {
			isa = PBXSourcesBuildPhase;
			buildActionMask = 2147483647;
			files = (
				54DFE7DD1E8D59FA00C5AE28 /* ku_blerTests.swift in Sources */,
			);
			runOnlyForDeploymentPostprocessing = 0;
		};
		54DFE7DF1E8D59FA00C5AE28 /* Sources */ = {
			isa = PBXSourcesBuildPhase;
			buildActionMask = 2147483647;
			files = (
				54DFE7E81E8D59FA00C5AE28 /* ku_blerUITests.swift in Sources */,
			);
			runOnlyForDeploymentPostprocessing = 0;
		};
/* End PBXSourcesBuildPhase section */

/* Begin PBXTargetDependency section */
		54DFE7DA1E8D59FA00C5AE28 /* PBXTargetDependency */ = {
			isa = PBXTargetDependency;
			target = 54DFE7C31E8D59FA00C5AE28 /* kübler */;
			targetProxy = 54DFE7D91E8D59FA00C5AE28 /* PBXContainerItemProxy */;
		};
		54DFE7E51E8D59FA00C5AE28 /* PBXTargetDependency */ = {
			isa = PBXTargetDependency;
			target = 54DFE7C31E8D59FA00C5AE28 /* kübler */;
			targetProxy = 54DFE7E41E8D59FA00C5AE28 /* PBXContainerItemProxy */;
		};
/* End PBXTargetDependency section */

/* Begin PBXVariantGroup section */
		54DFE7CB1E8D59FA00C5AE28 /* Main.storyboard */ = {
			isa = PBXVariantGroup;
			children = (
				54DFE7CC1E8D59FA00C5AE28 /* Base */,
			);
			name = Main.storyboard;
			sourceTree = "<group>";
		};
		54DFE7D01E8D59FA00C5AE28 /* LaunchScreen.storyboard */ = {
			isa = PBXVariantGroup;
			children = (
				54DFE7D11E8D59FA00C5AE28 /* Base */,
			);
			name = LaunchScreen.storyboard;
			sourceTree = "<group>";
		};
/* End PBXVariantGroup section */

/* Begin XCBuildConfiguration section */
		54DFE7EA1E8D59FA00C5AE28 /* Debug */ = {
			isa = XCBuildConfiguration;
			buildSettings = {
				ALWAYS_SEARCH_USER_PATHS = NO;
				CLANG_ANALYZER_NONNULL = YES;
				CLANG_ANALYZER_NUMBER_OBJECT_CONVERSION = YES_AGGRESSIVE;
				CLANG_CXX_LANGUAGE_STANDARD = "gnu++0x";
				CLANG_CXX_LIBRARY = "libc++";
				CLANG_ENABLE_MODULES = YES;
				CLANG_ENABLE_OBJC_ARC = YES;
				CLANG_WARN_BOOL_CONVERSION = YES;
				CLANG_WARN_CONSTANT_CONVERSION = YES;
				CLANG_WARN_DIRECT_OBJC_ISA_USAGE = YES_ERROR;
				CLANG_WARN_DOCUMENTATION_COMMENTS = YES;
				CLANG_WARN_EMPTY_BODY = YES;
				CLANG_WARN_ENUM_CONVERSION = YES;
				CLANG_WARN_INFINITE_RECURSION = YES;
				CLANG_WARN_INT_CONVERSION = YES;
				CLANG_WARN_OBJC_ROOT_CLASS = YES_ERROR;
				CLANG_WARN_SUSPICIOUS_MOVE = YES;
				CLANG_WARN_UNREACHABLE_CODE = YES;
				CLANG_WARN__DUPLICATE_METHOD_MATCH = YES;
				"CODE_SIGN_IDENTITY[sdk=iphoneos*]" = "iPhone Developer";
				COPY_PHASE_STRIP = NO;
				DEBUG_INFORMATION_FORMAT = dwarf;
				ENABLE_STRICT_OBJC_MSGSEND = YES;
				ENABLE_TESTABILITY = YES;
				GCC_C_LANGUAGE_STANDARD = gnu99;
				GCC_DYNAMIC_NO_PIC = NO;
				GCC_NO_COMMON_BLOCKS = YES;
				GCC_OPTIMIZATION_LEVEL = 0;
				GCC_PREPROCESSOR_DEFINITIONS = (
					"DEBUG=1",
					"$(inherited)",
				);
				GCC_WARN_64_TO_32_BIT_CONVERSION = YES;
				GCC_WARN_ABOUT_RETURN_TYPE = YES_ERROR;
				GCC_WARN_UNDECLARED_SELECTOR = YES;
				GCC_WARN_UNINITIALIZED_AUTOS = YES_AGGRESSIVE;
				GCC_WARN_UNUSED_FUNCTION = YES;
				GCC_WARN_UNUSED_VARIABLE = YES;
				IPHONEOS_DEPLOYMENT_TARGET = 10.3;
				MTL_ENABLE_DEBUG_INFO = YES;
				ONLY_ACTIVE_ARCH = YES;
				SDKROOT = iphoneos;
				SWIFT_ACTIVE_COMPILATION_CONDITIONS = DEBUG;
				SWIFT_OPTIMIZATION_LEVEL = "-Onone";
			};
			name = Debug;
		};
		54DFE7EB1E8D59FA00C5AE28 /* Release */ = {
			isa = XCBuildConfiguration;
			buildSettings = {
				ALWAYS_SEARCH_USER_PATHS = NO;
				CLANG_ANALYZER_NONNULL = YES;
				CLANG_ANALYZER_NUMBER_OBJECT_CONVERSION = YES_AGGRESSIVE;
				CLANG_CXX_LANGUAGE_STANDARD = "gnu++0x";
				CLANG_CXX_LIBRARY = "libc++";
				CLANG_ENABLE_MODULES = YES;
				CLANG_ENABLE_OBJC_ARC = YES;
				CLANG_WARN_BOOL_CONVERSION = YES;
				CLANG_WARN_CONSTANT_CONVERSION = YES;
				CLANG_WARN_DIRECT_OBJC_ISA_USAGE = YES_ERROR;
				CLANG_WARN_DOCUMENTATION_COMMENTS = YES;
				CLANG_WARN_EMPTY_BODY = YES;
				CLANG_WARN_ENUM_CONVERSION = YES;
				CLANG_WARN_INFINITE_RECURSION = YES;
				CLANG_WARN_INT_CONVERSION = YES;
				CLANG_WARN_OBJC_ROOT_CLASS = YES_ERROR;
				CLANG_WARN_SUSPICIOUS_MOVE = YES;
				CLANG_WARN_UNREACHABLE_CODE = YES;
				CLANG_WARN__DUPLICATE_METHOD_MATCH = YES;
				"CODE_SIGN_IDENTITY[sdk=iphoneos*]" = "iPhone Developer";
				COPY_PHASE_STRIP = NO;
				DEBUG_INFORMATION_FORMAT = "dwarf-with-dsym";
				ENABLE_NS_ASSERTIONS = NO;
				ENABLE_STRICT_OBJC_MSGSEND = YES;
				GCC_C_LANGUAGE_STANDARD = gnu99;
				GCC_NO_COMMON_BLOCKS = YES;
				GCC_WARN_64_TO_32_BIT_CONVERSION = YES;
				GCC_WARN_ABOUT_RETURN_TYPE = YES_ERROR;
				GCC_WARN_UNDECLARED_SELECTOR = YES;
				GCC_WARN_UNINITIALIZED_AUTOS = YES_AGGRESSIVE;
				GCC_WARN_UNUSED_FUNCTION = YES;
				GCC_WARN_UNUSED_VARIABLE = YES;
				IPHONEOS_DEPLOYMENT_TARGET = 10.3;
				MTL_ENABLE_DEBUG_INFO = NO;
				SDKROOT = iphoneos;
				SWIFT_OPTIMIZATION_LEVEL = "-Owholemodule";
				VALIDATE_PRODUCT = YES;
			};
			name = Release;
		};
		54DFE7ED1E8D59FA00C5AE28 /* Debug */ = {
			isa = XCBuildConfiguration;
			buildSettings = {
				ASSETCATALOG_COMPILER_APPICON_NAME = AppIcon;
				DEVELOPMENT_TEAM = V434W54Y9J;
				INFOPLIST_FILE = "kübler/Info.plist";
				IPHONEOS_DEPLOYMENT_TARGET = 9.0;
				LD_RUNPATH_SEARCH_PATHS = "$(inherited) @executable_path/Frameworks";
				PRODUCT_BUNDLE_IDENTIFIER = "kaele.ku-bler";
				PRODUCT_NAME = "$(TARGET_NAME)";
				SWIFT_VERSION = 3.0;
			};
			name = Debug;
		};
		54DFE7EE1E8D59FA00C5AE28 /* Release */ = {
			isa = XCBuildConfiguration;
			buildSettings = {
				ASSETCATALOG_COMPILER_APPICON_NAME = AppIcon;
				DEVELOPMENT_TEAM = V434W54Y9J;
				INFOPLIST_FILE = "kübler/Info.plist";
				IPHONEOS_DEPLOYMENT_TARGET = 9.0;
				LD_RUNPATH_SEARCH_PATHS = "$(inherited) @executable_path/Frameworks";
				PRODUCT_BUNDLE_IDENTIFIER = "kaele.ku-bler";
				PRODUCT_NAME = "$(TARGET_NAME)";
				SWIFT_VERSION = 3.0;
			};
			name = Release;
		};
		54DFE7F01E8D59FA00C5AE28 /* Debug */ = {
			isa = XCBuildConfiguration;
			buildSettings = {
				ALWAYS_EMBED_SWIFT_STANDARD_LIBRARIES = YES;
				BUNDLE_LOADER = "$(TEST_HOST)";
				DEVELOPMENT_TEAM = V434W54Y9J;
				INFOPLIST_FILE = "küblerTests/Info.plist";
				LD_RUNPATH_SEARCH_PATHS = "$(inherited) @executable_path/Frameworks @loader_path/Frameworks";
				PRODUCT_BUNDLE_IDENTIFIER = "kaele.ku-blerTests";
				PRODUCT_NAME = "$(TARGET_NAME)";
				SWIFT_VERSION = 3.0;
				TEST_HOST = "$(BUILT_PRODUCTS_DIR)/kübler.app/kübler";
			};
			name = Debug;
		};
		54DFE7F11E8D59FA00C5AE28 /* Release */ = {
			isa = XCBuildConfiguration;
			buildSettings = {
				ALWAYS_EMBED_SWIFT_STANDARD_LIBRARIES = YES;
				BUNDLE_LOADER = "$(TEST_HOST)";
				DEVELOPMENT_TEAM = V434W54Y9J;
				INFOPLIST_FILE = "küblerTests/Info.plist";
				LD_RUNPATH_SEARCH_PATHS = "$(inherited) @executable_path/Frameworks @loader_path/Frameworks";
				PRODUCT_BUNDLE_IDENTIFIER = "kaele.ku-blerTests";
				PRODUCT_NAME = "$(TARGET_NAME)";
				SWIFT_VERSION = 3.0;
				TEST_HOST = "$(BUILT_PRODUCTS_DIR)/kübler.app/kübler";
			};
			name = Release;
		};
		54DFE7F31E8D59FA00C5AE28 /* Debug */ = {
			isa = XCBuildConfiguration;
			buildSettings = {
				ALWAYS_EMBED_SWIFT_STANDARD_LIBRARIES = YES;
				DEVELOPMENT_TEAM = V434W54Y9J;
				INFOPLIST_FILE = "küblerUITests/Info.plist";
				LD_RUNPATH_SEARCH_PATHS = "$(inherited) @executable_path/Frameworks @loader_path/Frameworks";
				PRODUCT_BUNDLE_IDENTIFIER = "kaele.ku-blerUITests";
				PRODUCT_NAME = "$(TARGET_NAME)";
				SWIFT_VERSION = 3.0;
				TEST_TARGET_NAME = "kübler";
			};
			name = Debug;
		};
		54DFE7F41E8D59FA00C5AE28 /* Release */ = {
			isa = XCBuildConfiguration;
			buildSettings = {
				ALWAYS_EMBED_SWIFT_STANDARD_LIBRARIES = YES;
				DEVELOPMENT_TEAM = V434W54Y9J;
				INFOPLIST_FILE = "küblerUITests/Info.plist";
				LD_RUNPATH_SEARCH_PATHS = "$(inherited) @executable_path/Frameworks @loader_path/Frameworks";
				PRODUCT_BUNDLE_IDENTIFIER = "kaele.ku-blerUITests";
				PRODUCT_NAME = "$(TARGET_NAME)";
				SWIFT_VERSION = 3.0;
				TEST_TARGET_NAME = "kübler";
			};
			name = Release;
		};
/* End XCBuildConfiguration section */

/* Begin XCConfigurationList section */
		54DFE7BF1E8D59FA00C5AE28 /* Build configuration list for PBXProject "kübler" */ = {
			isa = XCConfigurationList;
			buildConfigurations = (
				54DFE7EA1E8D59FA00C5AE28 /* Debug */,
				54DFE7EB1E8D59FA00C5AE28 /* Release */,
			);
			defaultConfigurationIsVisible = 0;
			defaultConfigurationName = Release;
		};
		54DFE7EC1E8D59FA00C5AE28 /* Build configuration list for PBXNativeTarget "kübler" */ = {
			isa = XCConfigurationList;
			buildConfigurations = (
				54DFE7ED1E8D59FA00C5AE28 /* Debug */,
				54DFE7EE1E8D59FA00C5AE28 /* Release */,
			);
			defaultConfigurationIsVisible = 0;
			defaultConfigurationName = Release;
		};
		54DFE7EF1E8D59FA00C5AE28 /* Build configuration list for PBXNativeTarget "küblerTests" */ = {
			isa = XCConfigurationList;
			buildConfigurations = (
				54DFE7F01E8D59FA00C5AE28 /* Debug */,
				54DFE7F11E8D59FA00C5AE28 /* Release */,
			);
			defaultConfigurationIsVisible = 0;
			defaultConfigurationName = Release;
		};
		54DFE7F21E8D59FA00C5AE28 /* Build configuration list for PBXNativeTarget "küblerUITests" */ = {
			isa = XCConfigurationList;
			buildConfigurations = (
				54DFE7F31E8D59FA00C5AE28 /* Debug */,
				54DFE7F41E8D59FA00C5AE28 /* Release */,
			);
			defaultConfigurationIsVisible = 0;
			defaultConfigurationName = Release;
		};
/* End XCConfigurationList section */
	};
	rootObject = 54DFE7BC1E8D59FA00C5AE28 /* Project object */;
}
